{
  "originHash" : "c6bf857ca55ae2e672776b02a4c31f98af6f617628d6692a54205d0432e68c92",
  "pins" : [
    {
      "identity" : "apphudsdk",
      "kind" : "remoteSourceControl",
      "location" : "https://github.com/apphud/ApphudSDK.git",
      "state" : {
        "revision" : "a4d2b93384cc67fa6a853465ff345be6f84b0a72",
        "version" : "3.6.2"
      }
    }
  ],
  "version" : 3
}
