{
  "originHash" : "97cff352cd2e4ed7145928acdff4da28697db05aa6e2baa2f9140e412b87c3dd",
  "pins" : [
    {
      "identity" : "apphudsdk",
      "kind" : "remoteSourceControl",
      "location" : "https://github.com/apphud/ApphudSDK.git",
      "state" : {
        "revision" : "a4d2b93384cc67fa6a853465ff345be6f84b0a72",
        "version" : "3.6.2"
      }
    },
    {
      "identity" : "audiokit",
      "kind" : "remoteSourceControl",
      "location" : "https://github.com/AudioKit/AudioKit.git",
      "state" : {
        "revision" : "5b3fd238ef8ee95c9842ca4ea83ca58ee151e630",
        "version" : "5.6.5"
      }
    },
    {
      "identity" : "lottie-ios",
      "kind" : "remoteSourceControl",
      "location" : "https://github.com/airbnb/lottie-ios",
      "state" : {
        "revision" : "a004050748dc197c56256a14dca49a035d74726c",
        "version" : "4.5.2"
      }
    }
  ],
  "version" : 3
}
